// !$*UTF8*$!
{
	archiveVersion = 1;
	classes = {
	};
	objectVersion = 46;
	objects = {

/* Begin PBXBuildFile section */
		0D78E75A1D0A9B2300886381 /* main.m in Sources */ = {isa = PBXBuildFile; fileRef = 0D78E7591D0A9B2300886381 /* main.m */; };
		0D78E75D1D0A9B2300886381 /* AppDelegate.m in Sources */ = {isa = PBXBuildFile; fileRef = 0D78E75C1D0A9B2300886381 /* AppDelegate.m */; };
		0D78E7601D0A9B2300886381 /* ViewController.m in Sources */ = {isa = PBXBuildFile; fileRef = 0D78E75F1D0A9B2300886381 /* ViewController.m */; };
		0D78E7631D0A9B2300886381 /* Main.storyboard in Resources */ = {isa = PBXBuildFile; fileRef = 0D78E7611D0A9B2300886381 /* Main.storyboard */; };
		0D78E7651D0A9B2300886381 /* Assets.xcassets in Resources */ = {isa = PBXBuildFile; fileRef = 0D78E7641D0A9B2300886381 /* Assets.xcassets */; };
		0D78E7681D0A9B2300886381 /* LaunchScreen.storyboard in Resources */ = {isa = PBXBuildFile; fileRef = 0D78E7661D0A9B2300886381 /* LaunchScreen.storyboard */; };
		0D78E7731D0A9B2300886381 /* LoginMVVMTests.m in Sources */ = {isa = PBXBuildFile; fileRef = 0D78E7721D0A9B2300886381 /* LoginMVVMTests.m */; };
		0D78E77E1D0A9B2300886381 /* LoginMVVMUITests.m in Sources */ = {isa = PBXBuildFile; fileRef = 0D78E77D1D0A9B2300886381 /* LoginMVVMUITests.m */; };
		0D78E78F1D0A9BBF00886381 /* Account.m in Sources */ = {isa = PBXBuildFile; fileRef = 0D78E78E1D0A9BBF00886381 /* Account.m */; };
		0D78E7921D0A9BE300886381 /* AccountViewModel.m in Sources */ = {isa = PBXBuildFile; fileRef = 0D78E7911D0A9BE300886381 /* AccountViewModel.m */; };
		2206C9710E2ED51137FDFB27 /* libPods-LoginMVVM.a in Frameworks */ = {isa = PBXBuildFile; fileRef = A7414A395262CDE41BDB643A /* libPods-LoginMVVM.a */; };
/* End PBXBuildFile section */

/* Begin PBXContainerItemProxy section */
		0D78E76F1D0A9B2300886381 /* PBXContainerItemProxy */ = {
			isa = PBXContainerItemProxy;
			containerPortal = 0D78E74D1D0A9B2300886381 /* Project object */;
			proxyType = 1;
			remoteGlobalIDString = 0D78E7541D0A9B2300886381;
			remoteInfo = LoginMVVM;
		};
		0D78E77A1D0A9B2300886381 /* PBXContainerItemProxy */ = {
			isa = PBXContainerItemProxy;
			containerPortal = 0D78E74D1D0A9B2300886381 /* Project object */;
			proxyType = 1;
			remoteGlobalIDString = 0D78E7541D0A9B2300886381;
			remoteInfo = LoginMVVM;
		};
/* End PBXContainerItemProxy section */

/* Begin PBXFileReference section */
		0D78E7551D0A9B2300886381 /* LoginMVVM.app */ = {isa = PBXFileReference; explicitFileType = wrapper.application; includeInIndex = 0; path = LoginMVVM.app; sourceTree = BUILT_PRODUCTS_DIR; };
		0D78E7591D0A9B2300886381 /* main.m */ = {isa = PBXFileReference; lastKnownFileType = sourcecode.c.objc; path = main.m; sourceTree = "<group>"; };
		0D78E75B1D0A9B2300886381 /* AppDelegate.h */ = {isa = PBXFileReference; lastKnownFileType = sourcecode.c.h; path = AppDelegate.h; sourceTree = "<group>"; };
		0D78E75C1D0A9B2300886381 /* AppDelegate.m */ = {isa = PBXFileReference; lastKnownFileType = sourcecode.c.objc; path = AppDelegate.m; sourceTree = "<group>"; };
		0D78E75E1D0A9B2300886381 /* ViewController.h */ = {isa = PBXFileReference; lastKnownFileType = sourcecode.c.h; path = ViewController.h; sourceTree = "<group>"; };
		0D78E75F1D0A9B2300886381 /* ViewController.m */ = {isa = PBXFileReference; lastKnownFileType = sourcecode.c.objc; path = ViewController.m; sourceTree = "<group>"; };
		0D78E7621D0A9B2300886381 /* Base */ = {isa = PBXFileReference; lastKnownFileType = file.storyboard; name = Base; path = Base.lproj/Main.storyboard; sourceTree = "<group>"; };
		0D78E7641D0A9B2300886381 /* Assets.xcassets */ = {isa = PBXFileReference; lastKnownFileType = folder.assetcatalog; path = Assets.xcassets; sourceTree = "<group>"; };
		0D78E7671D0A9B2300886381 /* Base */ = {isa = PBXFileReference; lastKnownFileType = file.storyboard; name = Base; path = Base.lproj/LaunchScreen.storyboard; sourceTree = "<group>"; };
		0D78E7691D0A9B2300886381 /* Info.plist */ = {isa = PBXFileReference; lastKnownFileType = text.plist.xml; path = Info.plist; sourceTree = "<group>"; };
		0D78E76E1D0A9B2300886381 /* LoginMVVMTests.xctest */ = {isa = PBXFileReference; explicitFileType = wrapper.cfbundle; includeInIndex = 0; path = LoginMVVMTests.xctest; sourceTree = BUILT_PRODUCTS_DIR; };
		0D78E7721D0A9B2300886381 /* LoginMVVMTests.m */ = {isa = PBXFileReference; lastKnownFileType = sourcecode.c.objc; path = LoginMVVMTests.m; sourceTree = "<group>"; };
		0D78E7741D0A9B2300886381 /* Info.plist */ = {isa = PBXFileReference; lastKnownFileType = text.plist.xml; path = Info.plist; sourceTree = "<group>"; };
		0D78E7791D0A9B2300886381 /* LoginMVVMUITests.xctest */ = {isa = PBXFileReference; explicitFileType = wrapper.cfbundle; includeInIndex = 0; path = LoginMVVMUITests.xctest; sourceTree = BUILT_PRODUCTS_DIR; };
		0D78E77D1D0A9B2300886381 /* LoginMVVMUITests.m */ = {isa = PBXFileReference; lastKnownFileType = sourcecode.c.objc; path = LoginMVVMUITests.m; sourceTree = "<group>"; };
		0D78E77F1D0A9B2300886381 /* Info.plist */ = {isa = PBXFileReference; lastKnownFileType = text.plist.xml; path = Info.plist; sourceTree = "<group>"; };
		0D78E78D1D0A9BBF00886381 /* Account.h */ = {isa = PBXFileReference; fileEncoding = 4; lastKnownFileType = sourcecode.c.h; path = Account.h; sourceTree = "<group>"; };
		0D78E78E1D0A9BBF00886381 /* Account.m */ = {isa = PBXFileReference; fileEncoding = 4; lastKnownFileType = sourcecode.c.objc; path = Account.m; sourceTree = "<group>"; };
		0D78E7901D0A9BE300886381 /* AccountViewModel.h */ = {isa = PBXFileReference; fileEncoding = 4; lastKnownFileType = sourcecode.c.h; path = AccountViewModel.h; sourceTree = "<group>"; };
		0D78E7911D0A9BE300886381 /* AccountViewModel.m */ = {isa = PBXFileReference; fileEncoding = 4; lastKnownFileType = sourcecode.c.objc; path = AccountViewModel.m; sourceTree = "<group>"; };
		64C2696E671FAABCD9E1C97A /* Pods-LoginMVVM.release.xcconfig */ = {isa = PBXFileReference; includeInIndex = 1; lastKnownFileType = text.xcconfig; name = "Pods-LoginMVVM.release.xcconfig"; path = "Pods/Target Support Files/Pods-LoginMVVM/Pods-LoginMVVM.release.xcconfig"; sourceTree = "<group>"; };
		A7414A395262CDE41BDB643A /* libPods-LoginMVVM.a */ = {isa = PBXFileReference; explicitFileType = archive.ar; includeInIndex = 0; path = "libPods-LoginMVVM.a"; sourceTree = BUILT_PRODUCTS_DIR; };
		B88D4C5B2CF16C1D941E8B51 /* Pods-LoginMVVM.debug.xcconfig */ = {isa = PBXFileReference; includeInIndex = 1; lastKnownFileType = text.xcconfig; name = "Pods-LoginMVVM.debug.xcconfig"; path = "Pods/Target Support Files/Pods-LoginMVVM/Pods-LoginMVVM.debug.xcconfig"; sourceTree = "<group>"; };
/* End PBXFileReference section */

/* Begin PBXFrameworksBuildPhase section */
		0D78E7521D0A9B2300886381 /* Frameworks */ = {
			isa = PBXFrameworksBuildPhase;
			buildActionMask = 2147483647;
			files = (
				2206C9710E2ED51137FDFB27 /* libPods-LoginMVVM.a in Frameworks */,
			);
			runOnlyForDeploymentPostprocessing = 0;
		};
		0D78E76B1D0A9B2300886381 /* Frameworks */ = {
			isa = PBXFrameworksBuildPhase;
			buildActionMask = 2147483647;
			files = (
			);
			runOnlyForDeploymentPostprocessing = 0;
		};
		0D78E7761D0A9B2300886381 /* Frameworks */ = {
			isa = PBXFrameworksBuildPhase;
			buildActionMask = 2147483647;
			files = (
			);
			runOnlyForDeploymentPostprocessing = 0;
		};
/* End PBXFrameworksBuildPhase section */

/* Begin PBXGroup section */
		0D2C4860E36040D40656ABEA /* Pods */ = {
			isa = PBXGroup;
			children = (
				B88D4C5B2CF16C1D941E8B51 /* Pods-LoginMVVM.debug.xcconfig */,
				64C2696E671FAABCD9E1C97A /* Pods-LoginMVVM.release.xcconfig */,
			);
			name = Pods;
			sourceTree = "<group>";
		};
		0D78E74C1D0A9B2300886381 = {
			isa = PBXGroup;
			children = (
				0D78E7571D0A9B2300886381 /* LoginMVVM */,
				0D78E7711D0A9B2300886381 /* LoginMVVMTests */,
				0D78E77C1D0A9B2300886381 /* LoginMVVMUITests */,
				0D78E7561D0A9B2300886381 /* Products */,
				0D2C4860E36040D40656ABEA /* Pods */,
				4143EF3D37B3ECBE26E76383 /* Frameworks */,
			);
			sourceTree = "<group>";
		};
		0D78E7561D0A9B2300886381 /* Products */ = {
			isa = PBXGroup;
			children = (
				0D78E7551D0A9B2300886381 /* LoginMVVM.app */,
				0D78E76E1D0A9B2300886381 /* LoginMVVMTests.xctest */,
				0D78E7791D0A9B2300886381 /* LoginMVVMUITests.xctest */,
			);
			name = Products;
			sourceTree = "<group>";
		};
		0D78E7571D0A9B2300886381 /* LoginMVVM */ = {
			isa = PBXGroup;
			children = (
				0D78E78C1D0A9BB300886381 /* Model */,
				0D78E78B1D0A9B9300886381 /* ViewModel */,
				0D78E75B1D0A9B2300886381 /* AppDelegate.h */,
				0D78E75C1D0A9B2300886381 /* AppDelegate.m */,
				0D78E75E1D0A9B2300886381 /* ViewController.h */,
				0D78E75F1D0A9B2300886381 /* ViewController.m */,
				0D78E7611D0A9B2300886381 /* Main.storyboard */,
				0D78E7641D0A9B2300886381 /* Assets.xcassets */,
				0D78E7661D0A9B2300886381 /* LaunchScreen.storyboard */,
				0D78E7691D0A9B2300886381 /* Info.plist */,
				0D78E7581D0A9B2300886381 /* Supporting Files */,
			);
			path = LoginMVVM;
			sourceTree = "<group>";
		};
		0D78E7581D0A9B2300886381 /* Supporting Files */ = {
			isa = PBXGroup;
			children = (
				0D78E7591D0A9B2300886381 /* main.m */,
			);
			name = "Supporting Files";
			sourceTree = "<group>";
		};
		0D78E7711D0A9B2300886381 /* LoginMVVMTests */ = {
			isa = PBXGroup;
			children = (
				0D78E7721D0A9B2300886381 /* LoginMVVMTests.m */,
				0D78E7741D0A9B2300886381 /* Info.plist */,
			);
			path = LoginMVVMTests;
			sourceTree = "<group>";
		};
		0D78E77C1D0A9B2300886381 /* LoginMVVMUITests */ = {
			isa = PBXGroup;
			children = (
				0D78E77D1D0A9B2300886381 /* LoginMVVMUITests.m */,
				0D78E77F1D0A9B2300886381 /* Info.plist */,
			);
			path = LoginMVVMUITests;
			sourceTree = "<group>";
		};
		0D78E78B1D0A9B9300886381 /* ViewModel */ = {
			isa = PBXGroup;
			children = (
				0D78E7901D0A9BE300886381 /* AccountViewModel.h */,
				0D78E7911D0A9BE300886381 /* AccountViewModel.m */,
			);
			name = ViewModel;
			sourceTree = "<group>";
		};
		0D78E78C1D0A9BB300886381 /* Model */ = {
			isa = PBXGroup;
			children = (
				0D78E78D1D0A9BBF00886381 /* Account.h */,
				0D78E78E1D0A9BBF00886381 /* Account.m */,
			);
			name = Model;
			sourceTree = "<group>";
		};
		4143EF3D37B3ECBE26E76383 /* Frameworks */ = {
			isa = PBXGroup;
			children = (
				A7414A395262CDE41BDB643A /* libPods-LoginMVVM.a */,
			);
			name = Frameworks;
			sourceTree = "<group>";
		};
/* End PBXGroup section */

/* Begin PBXNativeTarget section */
		0D78E7541D0A9B2300886381 /* LoginMVVM */ = {
			isa = PBXNativeTarget;
			buildConfigurationList = 0D78E7821D0A9B2300886381 /* Build configuration list for PBXNativeTarget "LoginMVVM" */;
			buildPhases = (
				CF402790BFDA97B3D1735EB1 /* 📦 Check Pods Manifest.lock */,
				0D78E7511D0A9B2300886381 /* Sources */,
				0D78E7521D0A9B2300886381 /* Frameworks */,
				0D78E7531D0A9B2300886381 /* Resources */,
				77B8CCEF7DF1E0FD261FFFDC /* 📦 Embed Pods Frameworks */,
				8B0C206728D0EFFA297BDD56 /* 📦 Copy Pods Resources */,
			);
			buildRules = (
			);
			dependencies = (
			);
			name = LoginMVVM;
			productName = LoginMVVM;
			productReference = 0D78E7551D0A9B2300886381 /* LoginMVVM.app */;
			productType = "com.apple.product-type.application";
		};
		0D78E76D1D0A9B2300886381 /* LoginMVVMTests */ = {
			isa = PBXNativeTarget;
			buildConfigurationList = 0D78E7851D0A9B2300886381 /* Build configuration list for PBXNativeTarget "LoginMVVMTests" */;
			buildPhases = (
				0D78E76A1D0A9B2300886381 /* Sources */,
				0D78E76B1D0A9B2300886381 /* Frameworks */,
				0D78E76C1D0A9B2300886381 /* Resources */,
			);
			buildRules = (
			);
			dependencies = (
				0D78E7701D0A9B2300886381 /* PBXTargetDependency */,
			);
			name = LoginMVVMTests;
			productName = LoginMVVMTests;
			productReference = 0D78E76E1D0A9B2300886381 /* LoginMVVMTests.xctest */;
			productType = "com.apple.product-type.bundle.unit-test";
		};
		0D78E7781D0A9B2300886381 /* LoginMVVMUITests */ = {
			isa = PBXNativeTarget;
			buildConfigurationList = 0D78E7881D0A9B2300886381 /* Build configuration list for PBXNativeTarget "LoginMVVMUITests" */;
			buildPhases = (
				0D78E7751D0A9B2300886381 /* Sources */,
				0D78E7761D0A9B2300886381 /* Frameworks */,
				0D78E7771D0A9B2300886381 /* Resources */,
			);
			buildRules = (
			);
			dependencies = (
				0D78E77B1D0A9B2300886381 /* PBXTargetDependency */,
			);
			name = LoginMVVMUITests;
			productName = LoginMVVMUITests;
			productReference = 0D78E7791D0A9B2300886381 /* LoginMVVMUITests.xctest */;
			productType = "com.apple.product-type.bundle.ui-testing";
		};
/* End PBXNativeTarget section */

/* Begin PBXProject section */
		0D78E74D1D0A9B2300886381 /* Project object */ = {
			isa = PBXProject;
			attributes = {
				LastUpgradeCheck = 0720;
				ORGANIZATIONNAME = iKingsly;
				TargetAttributes = {
					0D78E7541D0A9B2300886381 = {
						CreatedOnToolsVersion = 7.2.1;
					};
					0D78E76D1D0A9B2300886381 = {
						CreatedOnToolsVersion = 7.2.1;
						TestTargetID = 0D78E7541D0A9B2300886381;
					};
					0D78E7781D0A9B2300886381 = {
						CreatedOnToolsVersion = 7.2.1;
						TestTargetID = 0D78E7541D0A9B2300886381;
					};
				};
			};
			buildConfigurationList = 0D78E7501D0A9B2300886381 /* Build configuration list for PBXProject "LoginMVVM" */;
			compatibilityVersion = "Xcode 3.2";
			developmentRegion = English;
			hasScannedForEncodings = 0;
			knownRegions = (
				en,
				Base,
			);
			mainGroup = 0D78E74C1D0A9B2300886381;
			productRefGroup = 0D78E7561D0A9B2300886381 /* Products */;
			projectDirPath = "";
			projectRoot = "";
			targets = (
				0D78E7541D0A9B2300886381 /* LoginMVVM */,
				0D78E76D1D0A9B2300886381 /* LoginMVVMTests */,
				0D78E7781D0A9B2300886381 /* LoginMVVMUITests */,
			);
		};
/* End PBXProject section */

/* Begin PBXResourcesBuildPhase section */
		0D78E7531D0A9B2300886381 /* Resources */ = {
			isa = PBXResourcesBuildPhase;
			buildActionMask = 2147483647;
			files = (
				0D78E7681D0A9B2300886381 /* LaunchScreen.storyboard in Resources */,
				0D78E7651D0A9B2300886381 /* Assets.xcassets in Resources */,
				0D78E7631D0A9B2300886381 /* Main.storyboard in Resources */,
			);
			runOnlyForDeploymentPostprocessing = 0;
		};
		0D78E76C1D0A9B2300886381 /* Resources */ = {
			isa = PBXResourcesBuildPhase;
			buildActionMask = 2147483647;
			files = (
			);
			runOnlyForDeploymentPostprocessing = 0;
		};
		0D78E7771D0A9B2300886381 /* Resources */ = {
			isa = PBXResourcesBuildPhase;
			buildActionMask = 2147483647;
			files = (
			);
			runOnlyForDeploymentPostprocessing = 0;
		};
/* End PBXResourcesBuildPhase section */

/* Begin PBXShellScriptBuildPhase section */
		77B8CCEF7DF1E0FD261FFFDC /* 📦 Embed Pods Frameworks */ = {
			isa = PBXShellScriptBuildPhase;
			buildActionMask = 2147483647;
			files = (
			);
			inputPaths = (
			);
			name = "📦 Embed Pods Frameworks";
			outputPaths = (
			);
			runOnlyForDeploymentPostprocessing = 0;
			shellPath = /bin/sh;
			shellScript = "\"${SRCROOT}/Pods/Target Support Files/Pods-LoginMVVM/Pods-LoginMVVM-frameworks.sh\"\n";
			showEnvVarsInLog = 0;
		};
		8B0C206728D0EFFA297BDD56 /* 📦 Copy Pods Resources */ = {
			isa = PBXShellScriptBuildPhase;
			buildActionMask = 2147483647;
			files = (
			);
			inputPaths = (
			);
			name = "📦 Copy Pods Resources";
			outputPaths = (
			);
			runOnlyForDeploymentPostprocessing = 0;
			shellPath = /bin/sh;
			shellScript = "\"${SRCROOT}/Pods/Target Support Files/Pods-LoginMVVM/Pods-LoginMVVM-resources.sh\"\n";
			showEnvVarsInLog = 0;
		};
		CF402790BFDA97B3D1735EB1 /* 📦 Check Pods Manifest.lock */ = {
			isa = PBXShellScriptBuildPhase;
			buildActionMask = 2147483647;
			files = (
			);
			inputPaths = (
			);
			name = "📦 Check Pods Manifest.lock";
			outputPaths = (
			);
			runOnlyForDeploymentPostprocessing = 0;
			shellPath = /bin/sh;
			shellScript = "diff \"${PODS_ROOT}/../Podfile.lock\" \"${PODS_ROOT}/Manifest.lock\" > /dev/null\nif [[ $? != 0 ]] ; then\n    cat << EOM\nerror: The sandbox is not in sync with the Podfile.lock. Run 'pod install' or update your CocoaPods installation.\nEOM\n    exit 1\nfi\n";
			showEnvVarsInLog = 0;
		};
/* End PBXShellScriptBuildPhase section */

/* Begin PBXSourcesBuildPhase section */
		0D78E7511D0A9B2300886381 /* Sources */ = {
			isa = PBXSourcesBuildPhase;
			buildActionMask = 2147483647;
			files = (
				0D78E7601D0A9B2300886381 /* ViewController.m in Sources */,
				0D78E78F1D0A9BBF00886381 /* Account.m in Sources */,
				0D78E75D1D0A9B2300886381 /* AppDelegate.m in Sources */,
				0D78E7921D0A9BE300886381 /* AccountViewModel.m in Sources */,
				0D78E75A1D0A9B2300886381 /* main.m in Sources */,
			);
			runOnlyForDeploymentPostprocessing = 0;
		};
		0D78E76A1D0A9B2300886381 /* Sources */ = {
			isa = PBXSourcesBuildPhase;
			buildActionMask = 2147483647;
			files = (
				0D78E7731D0A9B2300886381 /* LoginMVVMTests.m in Sources */,
			);
			runOnlyForDeploymentPostprocessing = 0;
		};
		0D78E7751D0A9B2300886381 /* Sources */ = {
			isa = PBXSourcesBuildPhase;
			buildActionMask = 2147483647;
			files = (
				0D78E77E1D0A9B2300886381 /* LoginMVVMUITests.m in Sources */,
			);
			runOnlyForDeploymentPostprocessing = 0;
		};
/* End PBXSourcesBuildPhase section */

/* Begin PBXTargetDependency section */
		0D78E7701D0A9B2300886381 /* PBXTargetDependency */ = {
			isa = PBXTargetDependency;
			target = 0D78E7541D0A9B2300886381 /* LoginMVVM */;
			targetProxy = 0D78E76F1D0A9B2300886381 /* PBXContainerItemProxy */;
		};
		0D78E77B1D0A9B2300886381 /* PBXTargetDependency */ = {
			isa = PBXTargetDependency;
			target = 0D78E7541D0A9B2300886381 /* LoginMVVM */;
			targetProxy = 0D78E77A1D0A9B2300886381 /* PBXContainerItemProxy */;
		};
/* End PBXTargetDependency section */

/* Begin PBXVariantGroup section */
		0D78E7611D0A9B2300886381 /* Main.storyboard */ = {
			isa = PBXVariantGroup;
			children = (
				0D78E7621D0A9B2300886381 /* Base */,
			);
			name = Main.storyboard;
			sourceTree = "<group>";
		};
		0D78E7661D0A9B2300886381 /* LaunchScreen.storyboard */ = {
			isa = PBXVariantGroup;
			children = (
				0D78E7671D0A9B2300886381 /* Base */,
			);
			name = LaunchScreen.storyboard;
			sourceTree = "<group>";
		};
/* End PBXVariantGroup section */

/* Begin XCBuildConfiguration section */
		0D78E7801D0A9B2300886381 /* Debug */ = {
			isa = XCBuildConfiguration;
			buildSettings = {
				ALWAYS_SEARCH_USER_PATHS = NO;
				CLANG_CXX_LANGUAGE_STANDARD = "gnu++0x";
				CLANG_CXX_LIBRARY = "libc++";
				CLANG_ENABLE_MODULES = YES;
				CLANG_ENABLE_OBJC_ARC = YES;
				CLANG_WARN_BOOL_CONVERSION = YES;
				CLANG_WARN_CONSTANT_CONVERSION = YES;
				CLANG_WARN_DIRECT_OBJC_ISA_USAGE = YES_ERROR;
				CLANG_WARN_EMPTY_BODY = YES;
				CLANG_WARN_ENUM_CONVERSION = YES;
				CLANG_WARN_INT_CONVERSION = YES;
				CLANG_WARN_OBJC_ROOT_CLASS = YES_ERROR;
				CLANG_WARN_UNREACHABLE_CODE = YES;
				CLANG_WARN__DUPLICATE_METHOD_MATCH = YES;
				"CODE_SIGN_IDENTITY[sdk=iphoneos*]" = "iPhone Developer";
				COPY_PHASE_STRIP = NO;
				DEBUG_INFORMATION_FORMAT = dwarf;
				ENABLE_STRICT_OBJC_MSGSEND = YES;
				ENABLE_TESTABILITY = YES;
				GCC_C_LANGUAGE_STANDARD = gnu99;
				GCC_DYNAMIC_NO_PIC = NO;
				GCC_NO_COMMON_BLOCKS = YES;
				GCC_OPTIMIZATION_LEVEL = 0;
				GCC_PREPROCESSOR_DEFINITIONS = (
					"DEBUG=1",
					"$(inherited)",
				);
				GCC_WARN_64_TO_32_BIT_CONVERSION = YES;
				GCC_WARN_ABOUT_RETURN_TYPE = YES_ERROR;
				GCC_WARN_UNDECLARED_SELECTOR = YES;
				GCC_WARN_UNINITIALIZED_AUTOS = YES_AGGRESSIVE;
				GCC_WARN_UNUSED_FUNCTION = YES;
				GCC_WARN_UNUSED_VARIABLE = YES;
				IPHONEOS_DEPLOYMENT_TARGET = 9.2;
				MTL_ENABLE_DEBUG_INFO = YES;
				ONLY_ACTIVE_ARCH = YES;
				SDKROOT = iphoneos;
				TARGETED_DEVICE_FAMILY = "1,2";
			};
			name = Debug;
		};
		0D78E7811D0A9B2300886381 /* Release */ = {
			isa = XCBuildConfiguration;
			buildSettings = {
				ALWAYS_SEARCH_USER_PATHS = NO;
				CLANG_CXX_LANGUAGE_STANDARD = "gnu++0x";
				CLANG_CXX_LIBRARY = "libc++";
				CLANG_ENABLE_MODULES = YES;
				CLANG_ENABLE_OBJC_ARC = YES;
				CLANG_WARN_BOOL_CONVERSION = YES;
				CLANG_WARN_CONSTANT_CONVERSION = YES;
				CLANG_WARN_DIRECT_OBJC_ISA_USAGE = YES_ERROR;
				CLANG_WARN_EMPTY_BODY = YES;
				CLANG_WARN_ENUM_CONVERSION = YES;
				CLANG_WARN_INT_CONVERSION = YES;
				CLANG_WARN_OBJC_ROOT_CLASS = YES_ERROR;
				CLANG_WARN_UNREACHABLE_CODE = YES;
				CLANG_WARN__DUPLICATE_METHOD_MATCH = YES;
				"CODE_SIGN_IDENTITY[sdk=iphoneos*]" = "iPhone Developer";
				COPY_PHASE_STRIP = NO;
				DEBUG_INFORMATION_FORMAT = "dwarf-with-dsym";
				ENABLE_NS_ASSERTIONS = NO;
				ENABLE_STRICT_OBJC_MSGSEND = YES;
				GCC_C_LANGUAGE_STANDARD = gnu99;
				GCC_NO_COMMON_BLOCKS = YES;
				GCC_WARN_64_TO_32_BIT_CONVERSION = YES;
				GCC_WARN_ABOUT_RETURN_TYPE = YES_ERROR;
				GCC_WARN_UNDECLARED_SELECTOR = YES;
				GCC_WARN_UNINITIALIZED_AUTOS = YES_AGGRESSIVE;
				GCC_WARN_UNUSED_FUNCTION = YES;
				GCC_WARN_UNUSED_VARIABLE = YES;
				IPHONEOS_DEPLOYMENT_TARGET = 9.2;
				MTL_ENABLE_DEBUG_INFO = NO;
				SDKROOT = iphoneos;
				TARGETED_DEVICE_FAMILY = "1,2";
				VALIDATE_PRODUCT = YES;
			};
			name = Release;
		};
		0D78E7831D0A9B2300886381 /* Debug */ = {
			isa = XCBuildConfiguration;
			baseConfigurationReference = B88D4C5B2CF16C1D941E8B51 /* Pods-LoginMVVM.debug.xcconfig */;
			buildSettings = {
				ASSETCATALOG_COMPILER_APPICON_NAME = AppIcon;
				INFOPLIST_FILE = LoginMVVM/Info.plist;
				LD_RUNPATH_SEARCH_PATHS = "$(inherited) @executable_path/Frameworks";
				PRODUCT_BUNDLE_IDENTIFIER = com.ikingsly.LoginMVVM;
				PRODUCT_NAME = "$(TARGET_NAME)";
			};
			name = Debug;
		};
		0D78E7841D0A9B2300886381 /* Release */ = {
			isa = XCBuildConfiguration;
			baseConfigurationReference = 64C2696E671FAABCD9E1C97A /* Pods-LoginMVVM.release.xcconfig */;
			buildSettings = {
				ASSETCATALOG_COMPILER_APPICON_NAME = AppIcon;
				INFOPLIST_FILE = LoginMVVM/Info.plist;
				LD_RUNPATH_SEARCH_PATHS = "$(inherited) @executable_path/Frameworks";
				PRODUCT_BUNDLE_IDENTIFIER = com.ikingsly.LoginMVVM;
				PRODUCT_NAME = "$(TARGET_NAME)";
			};
			name = Release;
		};
		0D78E7861D0A9B2300886381 /* Debug */ = {
			isa = XCBuildConfiguration;
			buildSettings = {
				BUNDLE_LOADER = "$(TEST_HOST)";
				INFOPLIST_FILE = LoginMVVMTests/Info.plist;
				LD_RUNPATH_SEARCH_PATHS = "$(inherited) @executable_path/Frameworks @loader_path/Frameworks";
				PRODUCT_BUNDLE_IDENTIFIER = com.ikingsly.LoginMVVMTests;
				PRODUCT_NAME = "$(TARGET_NAME)";
				TEST_HOST = "$(BUILT_PRODUCTS_DIR)/LoginMVVM.app/LoginMVVM";
			};
			name = Debug;
		};
		0D78E7871D0A9B2300886381 /* Release */ = {
			isa = XCBuildConfiguration;
			buildSettings = {
				BUNDLE_LOADER = "$(TEST_HOST)";
				INFOPLIST_FILE = LoginMVVMTests/Info.plist;
				LD_RUNPATH_SEARCH_PATHS = "$(inherited) @executable_path/Frameworks @loader_path/Frameworks";
				PRODUCT_BUNDLE_IDENTIFIER = com.ikingsly.LoginMVVMTests;
				PRODUCT_NAME = "$(TARGET_NAME)";
				TEST_HOST = "$(BUILT_PRODUCTS_DIR)/LoginMVVM.app/LoginMVVM";
			};
			name = Release;
		};
		0D78E7891D0A9B2300886381 /* Debug */ = {
			isa = XCBuildConfiguration;
			buildSettings = {
				INFOPLIST_FILE = LoginMVVMUITests/Info.plist;
				LD_RUNPATH_SEARCH_PATHS = "$(inherited) @executable_path/Frameworks @loader_path/Frameworks";
				PRODUCT_BUNDLE_IDENTIFIER = com.ikingsly.LoginMVVMUITests;
				PRODUCT_NAME = "$(TARGET_NAME)";
				TEST_TARGET_NAME = LoginMVVM;
				USES_XCTRUNNER = YES;
			};
			name = Debug;
		};
		0D78E78A1D0A9B2300886381 /* Release */ = {
			isa = XCBuildConfiguration;
			buildSettings = {
				INFOPLIST_FILE = LoginMVVMUITests/Info.plist;
				LD_RUNPATH_SEARCH_PATHS = "$(inherited) @executable_path/Frameworks @loader_path/Frameworks";
				PRODUCT_BUNDLE_IDENTIFIER = com.ikingsly.LoginMVVMUITests;
				PRODUCT_NAME = "$(TARGET_NAME)";
				TEST_TARGET_NAME = LoginMVVM;
				USES_XCTRUNNER = YES;
			};
			name = Release;
		};
/* End XCBuildConfiguration section */

/* Begin XCConfigurationList section */
		0D78E7501D0A9B2300886381 /* Build configuration list for PBXProject "LoginMVVM" */ = {
			isa = XCConfigurationList;
			buildConfigurations = (
				0D78E7801D0A9B2300886381 /* Debug */,
				0D78E7811D0A9B2300886381 /* Release */,
			);
			defaultConfigurationIsVisible = 0;
			defaultConfigurationName = Release;
		};
		0D78E7821D0A9B2300886381 /* Build configuration list for PBXNativeTarget "LoginMVVM" */ = {
			isa = XCConfigurationList;
			buildConfigurations = (
				0D78E7831D0A9B2300886381 /* Debug */,
				0D78E7841D0A9B2300886381 /* Release */,
			);
			defaultConfigurationIsVisible = 0;
			defaultConfigurationName = Release;
		};
		0D78E7851D0A9B2300886381 /* Build configuration list for PBXNativeTarget "LoginMVVMTests" */ = {
			isa = XCConfigurationList;
			buildConfigurations = (
				0D78E7861D0A9B2300886381 /* Debug */,
				0D78E7871D0A9B2300886381 /* Release */,
			);
			defaultConfigurationIsVisible = 0;
			defaultConfigurationName = Release;
		};
		0D78E7881D0A9B2300886381 /* Build configuration list for PBXNativeTarget "LoginMVVMUITests" */ = {
			isa = XCConfigurationList;
			buildConfigurations = (
				0D78E7891D0A9B2300886381 /* Debug */,
				0D78E78A1D0A9B2300886381 /* Release */,
			);
			defaultConfigurationIsVisible = 0;
			defaultConfigurationName = Release;
		};
/* End XCConfigurationList section */
	};
	rootObject = 0D78E74D1D0A9B2300886381 /* Project object */;
}
